
Microsoft Visual Studio Solution File, Format Version 12.00
# Visual Studio Version 16
VisualStudioVersion = 16.0.29806.167
MinimumVisualStudioVersion = 10.0.40219.1
Project("{FAE04EC0-301F-11D3-BF4B-00C04F79EFBC}") = "Finance", "Finance\Finance.csproj", "{A95CA8EC-2BE1-4C8A-B642-E5EE059F7532}"
EndProject
Global
	GlobalSection(SolutionConfigurationPlatforms) = preSolution
		Debug|Any CPU = Debug|Any CPU
		Release|Any CPU = Release|Any CPU
	EndGlobalSection
	GlobalSection(ProjectConfigurationPlatforms) = postSolution
		{A95CA8EC-2BE1-4C8A-B642-E5EE059F7532}.Debug|Any CPU.ActiveCfg = Debug|Any CPU
		{A95CA8EC-2BE1-4C8A-B642-E5EE059F7532}.Debug|Any CPU.Build.0 = Debug|Any CPU
		{A95CA8EC-2BE1-4C8A-B642-E5EE059F7532}.Release|Any CPU.ActiveCfg = Release|Any CPU
		{A95CA8EC-2BE1-4C8A-B642-E5EE059F7532}.Release|Any CPU.Build.0 = Release|Any CPU
	EndGlobalSection
	GlobalSection(SolutionProperties) = preSolution
		HideSolutionNode = FALSE
	EndGlobalSection
	GlobalSection(ExtensibilityGlobals) = postSolution
		SolutionGuid = {D7C9B8A8-5B9D-4081-B55F-E93D656F2402}
	EndGlobalSection
EndGlobal
